
Microsoft Visual Studio Solution File, Format Version 12.00
# Visual Studio Version 17
VisualStudioVersion = 17.8.34330.188
MinimumVisualStudioVersion = 10.0.40219.1
Project("{9A19103F-16F7-4668-BE54-9A1E7A4F7556}") = "Concertify.API", "Concertify.API\Concertify.API.csproj", "{52D1D874-AAC7-47A3-B02B-C9385E182408}"
EndProject
Project("{9A19103F-16F7-4668-BE54-9A1E7A4F7556}") = "Concertify.Application", "Concertify.Application\Concertify.Application.csproj", "{70661B11-0965-4FA2-8606-A4C83FDC3D67}"
EndProject
Project("{9A19103F-16F7-4668-BE54-9A1E7A4F7556}") = "Concertify.Infrastructure", "Concertify.Infrastructure\Concertify.Infrastructure.csproj", "{F185C4B8-62FA-42A6-8C8B-A758B594EC97}"
EndProject
Project("{9A19103F-16F7-4668-BE54-9A1E7A4F7556}") = "Concertify.Domain", "Concertify.Domain\Concertify.Domain.csproj", "{3551A828-34FD-4815-9F75-C4EAB5CFFDA5}"
EndProject
Project("{9A19103F-16F7-4668-BE54-9A1E7A4F7556}") = "Concertify.API.Tests", "..\tests\Concertify.API.Tests\Concertify.API.Tests.csproj", "{56BAFDE2-55F2-4B4D-A17C-37BAC7A8B253}"
EndProject
Project("{9A19103F-16F7-4668-BE54-9A1E7A4F7556}") = "Concertify.Application.Tests", "..\tests\Concertify.Application.Tests\Concertify.Application.Tests.csproj", "{67444239-438A-40FD-B764-3DACD5C2604E}"
EndProject
Global
	GlobalSection(SolutionConfigurationPlatforms) = preSolution
		Debug|Any CPU = Debug|Any CPU
		Release|Any CPU = Release|Any CPU
	EndGlobalSection
	GlobalSection(ProjectConfigurationPlatforms) = postSolution
		{52D1D874-AAC7-47A3-B02B-C9385E182408}.Debug|Any CPU.ActiveCfg = Debug|Any CPU
		{52D1D874-AAC7-47A3-B02B-C9385E182408}.Debug|Any CPU.Build.0 = Debug|Any CPU
		{52D1D874-AAC7-47A3-B02B-C9385E182408}.Release|Any CPU.ActiveCfg = Release|Any CPU
		{52D1D874-AAC7-47A3-B02B-C9385E182408}.Release|Any CPU.Build.0 = Release|Any CPU
		{70661B11-0965-4FA2-8606-A4C83FDC3D67}.Debug|Any CPU.ActiveCfg = Debug|Any CPU
		{70661B11-0965-4FA2-8606-A4C83FDC3D67}.Debug|Any CPU.Build.0 = Debug|Any CPU
		{70661B11-0965-4FA2-8606-A4C83FDC3D67}.Release|Any CPU.ActiveCfg = Release|Any CPU
		{70661B11-0965-4FA2-8606-A4C83FDC3D67}.Release|Any CPU.Build.0 = Release|Any CPU
		{F185C4B8-62FA-42A6-8C8B-A758B594EC97}.Debug|Any CPU.ActiveCfg = Debug|Any CPU
		{F185C4B8-62FA-42A6-8C8B-A758B594EC97}.Debug|Any CPU.Build.0 = Debug|Any CPU
		{F185C4B8-62FA-42A6-8C8B-A758B594EC97}.Release|Any CPU.ActiveCfg = Release|Any CPU
		{F185C4B8-62FA-42A6-8C8B-A758B594EC97}.Release|Any CPU.Build.0 = Release|Any CPU
		{3551A828-34FD-4815-9F75-C4EAB5CFFDA5}.Debug|Any CPU.ActiveCfg = Debug|Any CPU
		{3551A828-34FD-4815-9F75-C4EAB5CFFDA5}.Debug|Any CPU.Build.0 = Debug|Any CPU
		{3551A828-34FD-4815-9F75-C4EAB5CFFDA5}.Release|Any CPU.ActiveCfg = Release|Any CPU
		{3551A828-34FD-4815-9F75-C4EAB5CFFDA5}.Release|Any CPU.Build.0 = Release|Any CPU
		{56BAFDE2-55F2-4B4D-A17C-37BAC7A8B253}.Debug|Any CPU.ActiveCfg = Debug|Any CPU
		{56BAFDE2-55F2-4B4D-A17C-37BAC7A8B253}.Debug|Any CPU.Build.0 = Debug|Any CPU
		{56BAFDE2-55F2-4B4D-A17C-37BAC7A8B253}.Release|Any CPU.ActiveCfg = Release|Any CPU
		{56BAFDE2-55F2-4B4D-A17C-37BAC7A8B253}.Release|Any CPU.Build.0 = Release|Any CPU
		{67444239-438A-40FD-B764-3DACD5C2604E}.Debug|Any CPU.ActiveCfg = Debug|Any CPU
		{67444239-438A-40FD-B764-3DACD5C2604E}.Debug|Any CPU.Build.0 = Debug|Any CPU
		{67444239-438A-40FD-B764-3DACD5C2604E}.Release|Any CPU.ActiveCfg = Release|Any CPU
		{67444239-438A-40FD-B764-3DACD5C2604E}.Release|Any CPU.Build.0 = Release|Any CPU
	EndGlobalSection
	GlobalSection(SolutionProperties) = preSolution
		HideSolutionNode = FALSE
	EndGlobalSection
	GlobalSection(ExtensibilityGlobals) = postSolution
		SolutionGuid = {53A33FDE-DA82-42B5-BCDE-8118516D0C2D}
	EndGlobalSection
EndGlobal
